{
  "lockfileVersion": 1,
  "configVersion": 1,
  "workspaces": {
    "": {
      "name": "solarforce-website",
      "dependencies": {
        "@n8n/chat": "^1.3.0",
        "@supabase/supabase-js": "^2.90.1",
        "framer-motion": "^12.26.2",
        "hono": "^4.0.0",
        "nodemailer": "^7.0.12",
      },
      "devDependencies": {
        "@types/bun": "latest",
        "@types/nodemailer": "^7.0.5",
        "typescript": "^5.3.0",
      },
    },
  },
  "packages": {
    "@aws-crypto/sha256-browser": ["@aws-crypto/sha256-browser@5.2.0", "", { "dependencies": { "@aws-crypto/sha256-js": "^5.2.0", "@aws-crypto/supports-web-crypto": "^5.2.0", "@aws-crypto/util": "^5.2.0", "@aws-sdk/types": "^3.222.0", "@aws-sdk/util-locate-window": "^3.0.0", "@smithy/util-utf8": "^2.0.0", "tslib": "^2.6.2" } }, "sha512-AXfN/lGotSQwu6HNcEsIASo7kWXZ5HYWvfOmSNKDsEqC4OashTp8alTmaz+F7TC2L083SFv5RdB+qU3Vs1kZqw=="],

    "@aws-crypto/sha256-js": ["@aws-crypto/sha256-js@5.2.0", "", { "dependencies": { "@aws-crypto/util": "^5.2.0", "@aws-sdk/types": "^3.222.0", "tslib": "^2.6.2" } }, "sha512-FFQQyu7edu4ufvIZ+OadFpHHOt+eSTBaYaki44c+akjg7qZg9oOQeLlk77F6tSYqjDAFClrHJk9tMf0HdVyOvA=="],

    "@aws-crypto/supports-web-crypto": ["@aws-crypto/supports-web-crypto@5.2.0", "", { "dependencies": { "tslib": "^2.6.2" } }, "sha512-iAvUotm021kM33eCdNfwIN//F77/IADDSs58i+MDaOqFrVjZo9bAal0NK7HurRuWLLpF1iLX7gbWrjHjeo+YFg=="],

    "@aws-crypto/util": ["@aws-crypto/util@5.2.0", "", { "dependencies": { "@aws-sdk/types": "^3.222.0", "@smithy/util-utf8": "^2.0.0", "tslib": "^2.6.2" } }, "sha512-4RkU9EsI6ZpBve5fseQlGNUWKMa1RLPQ1dnjnQoe07ldfIzcsGb5hC5W0Dm7u423KWzawlrpbjXBrXCEv9zazQ=="],

    "@aws-sdk/client-sesv2": ["@aws-sdk/client-sesv2@3.971.0", "", { "dependencies": { "@aws-crypto/sha256-browser": "5.2.0", "@aws-crypto/sha256-js": "5.2.0", "@aws-sdk/core": "3.970.0", "@aws-sdk/credential-provider-node": "3.971.0", "@aws-sdk/middleware-host-header": "3.969.0", "@aws-sdk/middleware-logger": "3.969.0", "@aws-sdk/middleware-recursion-detection": "3.969.0", "@aws-sdk/middleware-user-agent": "3.970.0", "@aws-sdk/region-config-resolver": "3.969.0", "@aws-sdk/signature-v4-multi-region": "3.970.0", "@aws-sdk/types": "3.969.0", "@aws-sdk/util-endpoints": "3.970.0", "@aws-sdk/util-user-agent-browser": "3.969.0", "@aws-sdk/util-user-agent-node": "3.971.0", "@smithy/config-resolver": "^4.4.6", "@smithy/core": "^3.20.6", "@smithy/fetch-http-handler": "^5.3.9", "@smithy/hash-node": "^4.2.8", "@smithy/invalid-dependency": "^4.2.8", "@smithy/middleware-content-length": "^4.2.8", "@smithy/middleware-endpoint": "^4.4.7", "@smithy/middleware-retry": "^4.4.23", "@smithy/middleware-serde": "^4.2.9", "@smithy/middleware-stack": "^4.2.8", "@smithy/node-config-provider": "^4.3.8", "@smithy/node-http-handler": "^4.4.8", "@smithy/protocol-http": "^5.3.8", "@smithy/smithy-client": "^4.10.8", "@smithy/types": "^4.12.0", "@smithy/url-parser": "^4.2.8", "@smithy/util-base64": "^4.3.0", "@smithy/util-body-length-browser": "^4.2.0", "@smithy/util-body-length-node": "^4.2.1", "@smithy/util-defaults-mode-browser": "^4.3.22", "@smithy/util-defaults-mode-node": "^4.2.25", "@smithy/util-endpoints": "^3.2.8", "@smithy/util-middleware": "^4.2.8", "@smithy/util-retry": "^4.2.8", "@smithy/util-utf8": "^4.2.0", "tslib": "^2.6.2" } }, "sha512-NP/lbf3mfY10Txzl0ml2YnTjnZwflp1+faOotMCrXi4fb6kInosdW0ZSHXNlNulFo9cW+llq07lD59Sw3nny+A=="],

    "@aws-sdk/client-sso": ["@aws-sdk/client-sso@3.971.0", "", { "dependencies": { "@aws-crypto/sha256-browser": "5.2.0", "@aws-crypto/sha256-js": "5.2.0", "@aws-sdk/core": "3.970.0", "@aws-sdk/middleware-host-header": "3.969.0", "@aws-sdk/middleware-logger": "3.969.0", "@aws-sdk/middleware-recursion-detection": "3.969.0", "@aws-sdk/middleware-user-agent": "3.970.0", "@aws-sdk/region-config-resolver": "3.969.0", "@aws-sdk/types": "3.969.0", "@aws-sdk/util-endpoints": "3.970.0", "@aws-sdk/util-user-agent-browser": "3.969.0", "@aws-sdk/util-user-agent-node": "3.971.0", "@smithy/config-resolver": "^4.4.6", "@smithy/core": "^3.20.6", "@smithy/fetch-http-handler": "^5.3.9", "@smithy/hash-node": "^4.2.8", "@smithy/invalid-dependency": "^4.2.8", "@smithy/middleware-content-length": "^4.2.8", "@smithy/middleware-endpoint": "^4.4.7", "@smithy/middleware-retry": "^4.4.23", "@smithy/middleware-serde": "^4.2.9", "@smithy/middleware-stack": "^4.2.8", "@smithy/node-config-provider": "^4.3.8", "@smithy/node-http-handler": "^4.4.8", "@smithy/protocol-http": "^5.3.8", "@smithy/smithy-client": "^4.10.8", "@smithy/types": "^4.12.0", "@smithy/url-parser": "^4.2.8", "@smithy/util-base64": "^4.3.0", "@smithy/util-body-length-browser": "^4.2.0", "@smithy/util-body-length-node": "^4.2.1", "@smithy/util-defaults-mode-browser": "^4.3.22", "@smithy/util-defaults-mode-node": "^4.2.25", "@smithy/util-endpoints": "^3.2.8", "@smithy/util-middleware": "^4.2.8", "@smithy/util-retry": "^4.2.8", "@smithy/util-utf8": "^4.2.0", "tslib": "^2.6.2" } }, "sha512-Xx+w6DQqJxDdymYyIxyKJnRzPvVJ4e/Aw0czO7aC9L/iraaV7AG8QtRe93OGW6aoHSh72CIiinnpJJfLsQqP4g=="],

    "@aws-sdk/core": ["@aws-sdk/core@3.970.0", "", { "dependencies": { "@aws-sdk/types": "3.969.0", "@aws-sdk/xml-builder": "3.969.0", "@smithy/core": "^3.20.6", "@smithy/node-config-provider": "^4.3.8", "@smithy/property-provider": "^4.2.8", "@smithy/protocol-http": "^5.3.8", "@smithy/signature-v4": "^5.3.8", "@smithy/smithy-client": "^4.10.8", "@smithy/types": "^4.12.0", "@smithy/util-base64": "^4.3.0", "@smithy/util-middleware": "^4.2.8", "@smithy/util-utf8": "^4.2.0", "tslib": "^2.6.2" } }, "sha512-klpzObldOq8HXzDjDlY6K8rMhYZU6mXRz6P9F9N+tWnjoYFfeBMra8wYApydElTUYQKP1O7RLHwH1OKFfKcqIA=="],

    "@aws-sdk/credential-provider-env": ["@aws-sdk/credential-provider-env@3.970.0", "", { "dependencies": { "@aws-sdk/core": "3.970.0", "@aws-sdk/types": "3.969.0", "@smithy/property-provider": "^4.2.8", "@smithy/types": "^4.12.0", "tslib": "^2.6.2" } }, "sha512-rtVzXzEtAfZBfh+lq3DAvRar4c3jyptweOAJR2DweyXx71QSMY+O879hjpMwES7jl07a3O1zlnFIDo4KP/96kQ=="],

    "@aws-sdk/credential-provider-http": ["@aws-sdk/credential-provider-http@3.970.0", "", { "dependencies": { "@aws-sdk/core": "3.970.0", "@aws-sdk/types": "3.969.0", "@smithy/fetch-http-handler": "^5.3.9", "@smithy/node-http-handler": "^4.4.8", "@smithy/property-provider": "^4.2.8", "@smithy/protocol-http": "^5.3.8", "@smithy/smithy-client": "^4.10.8", "@smithy/types": "^4.12.0", "@smithy/util-stream": "^4.5.10", "tslib": "^2.6.2" } }, "sha512-CjDbWL7JxjLc9ZxQilMusWSw05yRvUJKRpz59IxDpWUnSMHC9JMMUUkOy5Izk8UAtzi6gupRWArp4NG4labt9Q=="],

    "@aws-sdk/credential-provider-ini": ["@aws-sdk/credential-provider-ini@3.971.0", "", { "dependencies": { "@aws-sdk/core": "3.970.0", "@aws-sdk/credential-provider-env": "3.970.0", "@aws-sdk/credential-provider-http": "3.970.0", "@aws-sdk/credential-provider-login": "3.971.0", "@aws-sdk/credential-provider-process": "3.970.0", "@aws-sdk/credential-provider-sso": "3.971.0", "@aws-sdk/credential-provider-web-identity": "3.971.0", "@aws-sdk/nested-clients": "3.971.0", "@aws-sdk/types": "3.969.0", "@smithy/credential-provider-imds": "^4.2.8", "@smithy/property-provider": "^4.2.8", "@smithy/shared-ini-file-loader": "^4.4.3", "@smithy/types": "^4.12.0", "tslib": "^2.6.2" } }, "sha512-c0TGJG4xyfTZz3SInXfGU8i5iOFRrLmy4Bo7lMyH+IpngohYMYGYl61omXqf2zdwMbDv+YJ9AviQTcCaEUKi8w=="],

    "@aws-sdk/credential-provider-login": ["@aws-sdk/credential-provider-login@3.971.0", "", { "dependencies": { "@aws-sdk/core": "3.970.0", "@aws-sdk/nested-clients": "3.971.0", "@aws-sdk/types": "3.969.0", "@smithy/property-provider": "^4.2.8", "@smithy/protocol-http": "^5.3.8", "@smithy/shared-ini-file-loader": "^4.4.3", "@smithy/types": "^4.12.0", "tslib": "^2.6.2" } }, "sha512-yhbzmDOsk0RXD3rTPhZra4AWVnVAC4nFWbTp+sUty1hrOPurUmhuz8bjpLqYTHGnlMbJp+UqkQONhS2+2LzW2g=="],

    "@aws-sdk/credential-provider-node": ["@aws-sdk/credential-provider-node@3.971.0", "", { "dependencies": { "@aws-sdk/credential-provider-env": "3.970.0", "@aws-sdk/credential-provider-http": "3.970.0", "@aws-sdk/credential-provider-ini": "3.971.0", "@aws-sdk/credential-provider-process": "3.970.0", "@aws-sdk/credential-provider-sso": "3.971.0", "@aws-sdk/credential-provider-web-identity": "3.971.0", "@aws-sdk/types": "3.969.0", "@smithy/credential-provider-imds": "^4.2.8", "@smithy/property-provider": "^4.2.8", "@smithy/shared-ini-file-loader": "^4.4.3", "@smithy/types": "^4.12.0", "tslib": "^2.6.2" } }, "sha512-epUJBAKivtJqalnEBRsYIULKYV063o/5mXNJshZfyvkAgNIzc27CmmKRXTN4zaNOZg8g/UprFp25BGsi19x3nQ=="],

    "@aws-sdk/credential-provider-process": ["@aws-sdk/credential-provider-process@3.970.0", "", { "dependencies": { "@aws-sdk/core": "3.970.0", "@aws-sdk/types": "3.969.0", "@smithy/property-provider": "^4.2.8", "@smithy/shared-ini-file-loader": "^4.4.3", "@smithy/types": "^4.12.0", "tslib": "^2.6.2" } }, "sha512-0XeT8OaT9iMA62DFV9+m6mZfJhrD0WNKf4IvsIpj2Z7XbaYfz3CoDDvNoALf3rPY9NzyMHgDxOspmqdvXP00mw=="],

    "@aws-sdk/credential-provider-sso": ["@aws-sdk/credential-provider-sso@3.971.0", "", { "dependencies": { "@aws-sdk/client-sso": "3.971.0", "@aws-sdk/core": "3.970.0", "@aws-sdk/token-providers": "3.971.0", "@aws-sdk/types": "3.969.0", "@smithy/property-provider": "^4.2.8", "@smithy/shared-ini-file-loader": "^4.4.3", "@smithy/types": "^4.12.0", "tslib": "^2.6.2" } }, "sha512-dY0hMQ7dLVPQNJ8GyqXADxa9w5wNfmukgQniLxGVn+dMRx3YLViMp5ZpTSQpFhCWNF0oKQrYAI5cHhUJU1hETw=="],

    "@aws-sdk/credential-provider-web-identity": ["@aws-sdk/credential-provider-web-identity@3.971.0", "", { "dependencies": { "@aws-sdk/core": "3.970.0", "@aws-sdk/nested-clients": "3.971.0", "@aws-sdk/types": "3.969.0", "@smithy/property-provider": "^4.2.8", "@smithy/shared-ini-file-loader": "^4.4.3", "@smithy/types": "^4.12.0", "tslib": "^2.6.2" } }, "sha512-F1AwfNLr7H52T640LNON/h34YDiMuIqW/ZreGzhRR6vnFGaSPtNSKAKB2ssAMkLM8EVg8MjEAYD3NCUiEo+t/w=="],

    "@aws-sdk/middleware-host-header": ["@aws-sdk/middleware-host-header@3.969.0", "", { "dependencies": { "@aws-sdk/types": "3.969.0", "@smithy/protocol-http": "^5.3.8", "@smithy/types": "^4.12.0", "tslib": "^2.6.2" } }, "sha512-AWa4rVsAfBR4xqm7pybQ8sUNJYnjyP/bJjfAw34qPuh3M9XrfGbAHG0aiAfQGrBnmS28jlO6Kz69o+c6PRw1dw=="],

    "@aws-sdk/middleware-logger": ["@aws-sdk/middleware-logger@3.969.0", "", { "dependencies": { "@aws-sdk/types": "3.969.0", "@smithy/types": "^4.12.0", "tslib": "^2.6.2" } }, "sha512-xwrxfip7Y2iTtCMJ+iifN1E1XMOuhxIHY9DreMCvgdl4r7+48x2S1bCYPWH3eNY85/7CapBWdJ8cerpEl12sQQ=="],

    "@aws-sdk/middleware-recursion-detection": ["@aws-sdk/middleware-recursion-detection@3.969.0", "", { "dependencies": { "@aws-sdk/types": "3.969.0", "@aws/lambda-invoke-store": "^0.2.2", "@smithy/protocol-http": "^5.3.8", "@smithy/types": "^4.12.0", "tslib": "^2.6.2" } }, "sha512-2r3PuNquU3CcS1Am4vn/KHFwLi8QFjMdA/R+CRDXT4AFO/0qxevF/YStW3gAKntQIgWgQV8ZdEtKAoJvLI4UWg=="],

    "@aws-sdk/middleware-sdk-s3": ["@aws-sdk/middleware-sdk-s3@3.970.0", "", { "dependencies": { "@aws-sdk/core": "3.970.0", "@aws-sdk/types": "3.969.0", "@aws-sdk/util-arn-parser": "3.968.0", "@smithy/core": "^3.20.6", "@smithy/node-config-provider": "^4.3.8", "@smithy/protocol-http": "^5.3.8", "@smithy/signature-v4": "^5.3.8", "@smithy/smithy-client": "^4.10.8", "@smithy/types": "^4.12.0", "@smithy/util-config-provider": "^4.2.0", "@smithy/util-middleware": "^4.2.8", "@smithy/util-stream": "^4.5.10", "@smithy/util-utf8": "^4.2.0", "tslib": "^2.6.2" } }, "sha512-v/Y5F1lbFFY7vMeG5yYxuhnn0CAshz6KMxkz1pDyPxejNE9HtA0w8R6OTBh/bVdIm44QpjhbI7qeLdOE/PLzXQ=="],

    "@aws-sdk/middleware-user-agent": ["@aws-sdk/middleware-user-agent@3.970.0", "", { "dependencies": { "@aws-sdk/core": "3.970.0", "@aws-sdk/types": "3.969.0", "@aws-sdk/util-endpoints": "3.970.0", "@smithy/core": "^3.20.6", "@smithy/protocol-http": "^5.3.8", "@smithy/types": "^4.12.0", "tslib": "^2.6.2" } }, "sha512-dnSJGGUGSFGEX2NzvjwSefH+hmZQ347AwbLhAsi0cdnISSge+pcGfOFrJt2XfBIypwFe27chQhlfuf/gWdzpZg=="],

    "@aws-sdk/nested-clients": ["@aws-sdk/nested-clients@3.971.0", "", { "dependencies": { "@aws-crypto/sha256-browser": "5.2.0", "@aws-crypto/sha256-js": "5.2.0", "@aws-sdk/core": "3.970.0", "@aws-sdk/middleware-host-header": "3.969.0", "@aws-sdk/middleware-logger": "3.969.0", "@aws-sdk/middleware-recursion-detection": "3.969.0", "@aws-sdk/middleware-user-agent": "3.970.0", "@aws-sdk/region-config-resolver": "3.969.0", "@aws-sdk/types": "3.969.0", "@aws-sdk/util-endpoints": "3.970.0", "@aws-sdk/util-user-agent-browser": "3.969.0", "@aws-sdk/util-user-agent-node": "3.971.0", "@smithy/config-resolver": "^4.4.6", "@smithy/core": "^3.20.6", "@smithy/fetch-http-handler": "^5.3.9", "@smithy/hash-node": "^4.2.8", "@smithy/invalid-dependency": "^4.2.8", "@smithy/middleware-content-length": "^4.2.8", "@smithy/middleware-endpoint": "^4.4.7", "@smithy/middleware-retry": "^4.4.23", "@smithy/middleware-serde": "^4.2.9", "@smithy/middleware-stack": "^4.2.8", "@smithy/node-config-provider": "^4.3.8", "@smithy/node-http-handler": "^4.4.8", "@smithy/protocol-http": "^5.3.8", "@smithy/smithy-client": "^4.10.8", "@smithy/types": "^4.12.0", "@smithy/url-parser": "^4.2.8", "@smithy/util-base64": "^4.3.0", "@smithy/util-body-length-browser": "^4.2.0", "@smithy/util-body-length-node": "^4.2.1", "@smithy/util-defaults-mode-browser": "^4.3.22", "@smithy/util-defaults-mode-node": "^4.2.25", "@smithy/util-endpoints": "^3.2.8", "@smithy/util-middleware": "^4.2.8", "@smithy/util-retry": "^4.2.8", "@smithy/util-utf8": "^4.2.0", "tslib": "^2.6.2" } }, "sha512-TWaILL8GyYlhGrxxnmbkazM4QsXatwQgoWUvo251FXmUOsiXDFDVX3hoGIfB3CaJhV2pJPfebHUNJtY6TjZ11g=="],

    "@aws-sdk/region-config-resolver": ["@aws-sdk/region-config-resolver@3.969.0", "", { "dependencies": { "@aws-sdk/types": "3.969.0", "@smithy/config-resolver": "^4.4.6", "@smithy/node-config-provider": "^4.3.8", "@smithy/types": "^4.12.0", "tslib": "^2.6.2" } }, "sha512-scj9OXqKpcjJ4jsFLtqYWz3IaNvNOQTFFvEY8XMJXTv+3qF5I7/x9SJtKzTRJEBF3spjzBUYPtGFbs9sj4fisQ=="],

    "@aws-sdk/signature-v4-multi-region": ["@aws-sdk/signature-v4-multi-region@3.970.0", "", { "dependencies": { "@aws-sdk/middleware-sdk-s3": "3.970.0", "@aws-sdk/types": "3.969.0", "@smithy/protocol-http": "^5.3.8", "@smithy/signature-v4": "^5.3.8", "@smithy/types": "^4.12.0", "tslib": "^2.6.2" } }, "sha512-z3syXfuK/x/IsKf/AeYmgc2NT7fcJ+3fHaGO+fkghkV9WEba3fPyOwtTBX4KpFMNb2t50zDGZwbzW1/5ighcUQ=="],

    "@aws-sdk/token-providers": ["@aws-sdk/token-providers@3.971.0", "", { "dependencies": { "@aws-sdk/core": "3.970.0", "@aws-sdk/nested-clients": "3.971.0", "@aws-sdk/types": "3.969.0", "@smithy/property-provider": "^4.2.8", "@smithy/shared-ini-file-loader": "^4.4.3", "@smithy/types": "^4.12.0", "tslib": "^2.6.2" } }, "sha512-4hKGWZbmuDdONMJV0HJ+9jwTDb0zLfKxcCLx2GEnBY31Gt9GeyIQ+DZ97Bb++0voawj6pnZToFikXTyrEq2x+w=="],

    "@aws-sdk/types": ["@aws-sdk/types@3.969.0", "", { "dependencies": { "@smithy/types": "^4.12.0", "tslib": "^2.6.2" } }, "sha512-7IIzM5TdiXn+VtgPdVLjmE6uUBUtnga0f4RiSEI1WW10RPuNvZ9U+pL3SwDiRDAdoGrOF9tSLJOFZmfuwYuVYQ=="],

    "@aws-sdk/util-arn-parser": ["@aws-sdk/util-arn-parser@3.968.0", "", { "dependencies": { "tslib": "^2.6.2" } }, "sha512-gqqvYcitIIM2K4lrDX9de9YvOfXBcVdxfT/iLnvHJd4YHvSXlt+gs+AsL4FfPCxG4IG9A+FyulP9Sb1MEA75vw=="],

    "@aws-sdk/util-endpoints": ["@aws-sdk/util-endpoints@3.970.0", "", { "dependencies": { "@aws-sdk/types": "3.969.0", "@smithy/types": "^4.12.0", "@smithy/url-parser": "^4.2.8", "@smithy/util-endpoints": "^3.2.8", "tslib": "^2.6.2" } }, "sha512-TZNZqFcMUtjvhZoZRtpEGQAdULYiy6rcGiXAbLU7e9LSpIYlRqpLa207oMNfgbzlL2PnHko+eVg8rajDiSOYCg=="],

    "@aws-sdk/util-locate-window": ["@aws-sdk/util-locate-window@3.965.2", "", { "dependencies": { "tslib": "^2.6.2" } }, "sha512-qKgO7wAYsXzhwCHhdbaKFyxd83Fgs8/1Ka+jjSPrv2Ll7mB55Wbwlo0kkfMLh993/yEc8aoDIAc1Fz9h4Spi4Q=="],

    "@aws-sdk/util-user-agent-browser": ["@aws-sdk/util-user-agent-browser@3.969.0", "", { "dependencies": { "@aws-sdk/types": "3.969.0", "@smithy/types": "^4.12.0", "bowser": "^2.11.0", "tslib": "^2.6.2" } }, "sha512-bpJGjuKmFr0rA6UKUCmN8D19HQFMLXMx5hKBXqBlPFdalMhxJSjcxzX9DbQh0Fn6bJtxCguFmRGOBdQqNOt49g=="],

    "@aws-sdk/util-user-agent-node": ["@aws-sdk/util-user-agent-node@3.971.0", "", { "dependencies": { "@aws-sdk/middleware-user-agent": "3.970.0", "@aws-sdk/types": "3.969.0", "@smithy/node-config-provider": "^4.3.8", "@smithy/types": "^4.12.0", "tslib": "^2.6.2" }, "peerDependencies": { "aws-crt": ">=1.0.0" }, "optionalPeers": ["aws-crt"] }, "sha512-Eygjo9mFzQYjbGY3MYO6CsIhnTwAMd3WmuFalCykqEmj2r5zf0leWrhPaqvA5P68V5JdGfPYgj7vhNOd6CtRBQ=="],

    "@aws-sdk/xml-builder": ["@aws-sdk/xml-builder@3.969.0", "", { "dependencies": { "@smithy/types": "^4.12.0", "fast-xml-parser": "5.2.5", "tslib": "^2.6.2" } }, "sha512-BSe4Lx/qdRQQdX8cSSI7Et20vqBspzAjBy8ZmXVoyLkol3y4sXBXzn+BiLtR+oh60ExQn6o2DU4QjdOZbXaKIQ=="],

    "@aws/lambda-invoke-store": ["@aws/lambda-invoke-store@0.2.3", "", {}, "sha512-oLvsaPMTBejkkmHhjf09xTgk71mOqyr/409NKhRIL08If7AhVfUsJhVsx386uJaqNd42v9kWamQ9lFbkoC2dYw=="],

    "@babel/helper-string-parser": ["@babel/helper-string-parser@7.27.1", "", {}, "sha512-qMlSxKbpRlAridDExk92nSobyDdpPijUq2DW6oDnUqd0iOGxmQjyqhMIihI9+zv4LPyZdRje2cavWPbCbWm3eA=="],

    "@babel/helper-validator-identifier": ["@babel/helper-validator-identifier@7.28.5", "", {}, "sha512-qSs4ifwzKJSV39ucNjsvc6WVHs6b7S03sOh2OcHF9UHfVPqWWALUsNUVzhSBiItjRZoLHx7nIarVjqKVusUZ1Q=="],

    "@babel/parser": ["@babel/parser@7.28.6", "", { "dependencies": { "@babel/types": "^7.28.6" }, "bin": "./bin/babel-parser.js" }, "sha512-TeR9zWR18BvbfPmGbLampPMW+uW1NZnJlRuuHso8i87QZNq2JRF9i6RgxRqtEq+wQGsS19NNTWr2duhnE49mfQ=="],

    "@babel/types": ["@babel/types@7.28.6", "", { "dependencies": { "@babel/helper-string-parser": "^7.27.1", "@babel/helper-validator-identifier": "^7.28.5" } }, "sha512-0ZrskXVEHSWIqZM/sQZ4EV3jZJXRkio/WCxaqKZP1g//CEWEPSfeZFcms4XeKBCHU0ZKnIkdJeU/kF+eRp5lBg=="],

    "@jridgewell/sourcemap-codec": ["@jridgewell/sourcemap-codec@1.5.5", "", {}, "sha512-cYQ9310grqxueWbl+WuIUIaiUaDcj7WOq5fVhEljNVgRfOUhY9fy2zTvfoqWsnebh8Sl70VScFbICvJnLKB0Og=="],

    "@n8n/chat": ["@n8n/chat@1.4.0", "", { "dependencies": { "@n8n/design-system": "2.4.0", "@vueuse/core": "^10.11.0", "highlight.js": "11.8.0", "markdown-it-link-attributes": "^4.0.1", "uuid": "10.0.0", "vue": "^3.5.13", "vue-markdown-render": "^2.2.1" } }, "sha512-4JEoorQOygAxQ4NTL/M/dRSEVZFDn0OMPlk6QcMS3rqkNLkHH6hfAYQwIbgNDDOVWDykiDMKQKjzhTvZW7213Q=="],

    "@n8n/design-system": ["@n8n/design-system@2.4.0", "", {}, "sha512-wkF5tJCnYJYcWI/9Huw//v+1zw6zJ4Ec2N/tHAoqB7qARGnPjIlgXqS9ZJ+w2e3nKM2GDkYu8NOuJJbvD1TICg=="],

    "@smithy/abort-controller": ["@smithy/abort-controller@4.2.8", "", { "dependencies": { "@smithy/types": "^4.12.0", "tslib": "^2.6.2" } }, "sha512-peuVfkYHAmS5ybKxWcfraK7WBBP0J+rkfUcbHJJKQ4ir3UAUNQI+Y4Vt/PqSzGqgloJ5O1dk7+WzNL8wcCSXbw=="],

    "@smithy/config-resolver": ["@smithy/config-resolver@4.4.6", "", { "dependencies": { "@smithy/node-config-provider": "^4.3.8", "@smithy/types": "^4.12.0", "@smithy/util-config-provider": "^4.2.0", "@smithy/util-endpoints": "^3.2.8", "@smithy/util-middleware": "^4.2.8", "tslib": "^2.6.2" } }, "sha512-qJpzYC64kaj3S0fueiu3kXm8xPrR3PcXDPEgnaNMRn0EjNSZFoFjvbUp0YUDsRhN1CB90EnHJtbxWKevnH99UQ=="],

    "@smithy/core": ["@smithy/core@3.20.7", "", { "dependencies": { "@smithy/middleware-serde": "^4.2.9", "@smithy/protocol-http": "^5.3.8", "@smithy/types": "^4.12.0", "@smithy/util-base64": "^4.3.0", "@smithy/util-body-length-browser": "^4.2.0", "@smithy/util-middleware": "^4.2.8", "@smithy/util-stream": "^4.5.10", "@smithy/util-utf8": "^4.2.0", "@smithy/uuid": "^1.1.0", "tslib": "^2.6.2" } }, "sha512-aO7jmh3CtrmPsIJxUwYIzI5WVlMK8BMCPQ4D4nTzqTqBhbzvxHNzBMGcEg13yg/z9R2Qsz49NUFl0F0lVbTVFw=="],

    "@smithy/credential-provider-imds": ["@smithy/credential-provider-imds@4.2.8", "", { "dependencies": { "@smithy/node-config-provider": "^4.3.8", "@smithy/property-provider": "^4.2.8", "@smithy/types": "^4.12.0", "@smithy/url-parser": "^4.2.8", "tslib": "^2.6.2" } }, "sha512-FNT0xHS1c/CPN8upqbMFP83+ul5YgdisfCfkZ86Jh2NSmnqw/AJ6x5pEogVCTVvSm7j9MopRU89bmDelxuDMYw=="],

    "@smithy/fetch-http-handler": ["@smithy/fetch-http-handler@5.3.9", "", { "dependencies": { "@smithy/protocol-http": "^5.3.8", "@smithy/querystring-builder": "^4.2.8", "@smithy/types": "^4.12.0", "@smithy/util-base64": "^4.3.0", "tslib": "^2.6.2" } }, "sha512-I4UhmcTYXBrct03rwzQX1Y/iqQlzVQaPxWjCjula++5EmWq9YGBrx6bbGqluGc1f0XEfhSkiY4jhLgbsJUMKRA=="],

    "@smithy/hash-node": ["@smithy/hash-node@4.2.8", "", { "dependencies": { "@smithy/types": "^4.12.0", "@smithy/util-buffer-from": "^4.2.0", "@smithy/util-utf8": "^4.2.0", "tslib": "^2.6.2" } }, "sha512-7ZIlPbmaDGxVoxErDZnuFG18WekhbA/g2/i97wGj+wUBeS6pcUeAym8u4BXh/75RXWhgIJhyC11hBzig6MljwA=="],

    "@smithy/invalid-dependency": ["@smithy/invalid-dependency@4.2.8", "", { "dependencies": { "@smithy/types": "^4.12.0", "tslib": "^2.6.2" } }, "sha512-N9iozRybwAQ2dn9Fot9kI6/w9vos2oTXLhtK7ovGqwZjlOcxu6XhPlpLpC+INsxktqHinn5gS2DXDjDF2kG5sQ=="],

    "@smithy/is-array-buffer": ["@smithy/is-array-buffer@4.2.0", "", { "dependencies": { "tslib": "^2.6.2" } }, "sha512-DZZZBvC7sjcYh4MazJSGiWMI2L7E0oCiRHREDzIxi/M2LY79/21iXt6aPLHge82wi5LsuRF5A06Ds3+0mlh6CQ=="],

    "@smithy/middleware-content-length": ["@smithy/middleware-content-length@4.2.8", "", { "dependencies": { "@smithy/protocol-http": "^5.3.8", "@smithy/types": "^4.12.0", "tslib": "^2.6.2" } }, "sha512-RO0jeoaYAB1qBRhfVyq0pMgBoUK34YEJxVxyjOWYZiOKOq2yMZ4MnVXMZCUDenpozHue207+9P5ilTV1zeda0A=="],

    "@smithy/middleware-endpoint": ["@smithy/middleware-endpoint@4.4.8", "", { "dependencies": { "@smithy/core": "^3.20.7", "@smithy/middleware-serde": "^4.2.9", "@smithy/node-config-provider": "^4.3.8", "@smithy/shared-ini-file-loader": "^4.4.3", "@smithy/types": "^4.12.0", "@smithy/url-parser": "^4.2.8", "@smithy/util-middleware": "^4.2.8", "tslib": "^2.6.2" } }, "sha512-TV44qwB/T0OMMzjIuI+JeS0ort3bvlPJ8XIH0MSlGADraXpZqmyND27ueuAL3E14optleADWqtd7dUgc2w+qhQ=="],

    "@smithy/middleware-retry": ["@smithy/middleware-retry@4.4.24", "", { "dependencies": { "@smithy/node-config-provider": "^4.3.8", "@smithy/protocol-http": "^5.3.8", "@smithy/service-error-classification": "^4.2.8", "@smithy/smithy-client": "^4.10.9", "@smithy/types": "^4.12.0", "@smithy/util-middleware": "^4.2.8", "@smithy/util-retry": "^4.2.8", "@smithy/uuid": "^1.1.0", "tslib": "^2.6.2" } }, "sha512-yiUY1UvnbUFfP5izoKLtfxDSTRv724YRRwyiC/5HYY6vdsVDcDOXKSXmkJl/Hovcxt5r+8tZEUAdrOaCJwrl9Q=="],

    "@smithy/middleware-serde": ["@smithy/middleware-serde@4.2.9", "", { "dependencies": { "@smithy/protocol-http": "^5.3.8", "@smithy/types": "^4.12.0", "tslib": "^2.6.2" } }, "sha512-eMNiej0u/snzDvlqRGSN3Vl0ESn3838+nKyVfF2FKNXFbi4SERYT6PR392D39iczngbqqGG0Jl1DlCnp7tBbXQ=="],

    "@smithy/middleware-stack": ["@smithy/middleware-stack@4.2.8", "", { "dependencies": { "@smithy/types": "^4.12.0", "tslib": "^2.6.2" } }, "sha512-w6LCfOviTYQjBctOKSwy6A8FIkQy7ICvglrZFl6Bw4FmcQ1Z420fUtIhxaUZZshRe0VCq4kvDiPiXrPZAe8oRA=="],

    "@smithy/node-config-provider": ["@smithy/node-config-provider@4.3.8", "", { "dependencies": { "@smithy/property-provider": "^4.2.8", "@smithy/shared-ini-file-loader": "^4.4.3", "@smithy/types": "^4.12.0", "tslib": "^2.6.2" } }, "sha512-aFP1ai4lrbVlWjfpAfRSL8KFcnJQYfTl5QxLJXY32vghJrDuFyPZ6LtUL+JEGYiFRG1PfPLHLoxj107ulncLIg=="],

    "@smithy/node-http-handler": ["@smithy/node-http-handler@4.4.8", "", { "dependencies": { "@smithy/abort-controller": "^4.2.8", "@smithy/protocol-http": "^5.3.8", "@smithy/querystring-builder": "^4.2.8", "@smithy/types": "^4.12.0", "tslib": "^2.6.2" } }, "sha512-q9u+MSbJVIJ1QmJ4+1u+cERXkrhuILCBDsJUBAW1MPE6sFonbCNaegFuwW9ll8kh5UdyY3jOkoOGlc7BesoLpg=="],

    "@smithy/property-provider": ["@smithy/property-provider@4.2.8", "", { "dependencies": { "@smithy/types": "^4.12.0", "tslib": "^2.6.2" } }, "sha512-EtCTbyIveCKeOXDSWSdze3k612yCPq1YbXsbqX3UHhkOSW8zKsM9NOJG5gTIya0vbY2DIaieG8pKo1rITHYL0w=="],

    "@smithy/protocol-http": ["@smithy/protocol-http@5.3.8", "", { "dependencies": { "@smithy/types": "^4.12.0", "tslib": "^2.6.2" } }, "sha512-QNINVDhxpZ5QnP3aviNHQFlRogQZDfYlCkQT+7tJnErPQbDhysondEjhikuANxgMsZrkGeiAxXy4jguEGsDrWQ=="],

    "@smithy/querystring-builder": ["@smithy/querystring-builder@4.2.8", "", { "dependencies": { "@smithy/types": "^4.12.0", "@smithy/util-uri-escape": "^4.2.0", "tslib": "^2.6.2" } }, "sha512-Xr83r31+DrE8CP3MqPgMJl+pQlLLmOfiEUnoyAlGzzJIrEsbKsPy1hqH0qySaQm4oWrCBlUqRt+idEgunKB+iw=="],

    "@smithy/querystring-parser": ["@smithy/querystring-parser@4.2.8", "", { "dependencies": { "@smithy/types": "^4.12.0", "tslib": "^2.6.2" } }, "sha512-vUurovluVy50CUlazOiXkPq40KGvGWSdmusa3130MwrR1UNnNgKAlj58wlOe61XSHRpUfIIh6cE0zZ8mzKaDPA=="],

    "@smithy/service-error-classification": ["@smithy/service-error-classification@4.2.8", "", { "dependencies": { "@smithy/types": "^4.12.0" } }, "sha512-mZ5xddodpJhEt3RkCjbmUQuXUOaPNTkbMGR0bcS8FE0bJDLMZlhmpgrvPNCYglVw5rsYTpSnv19womw9WWXKQQ=="],

    "@smithy/shared-ini-file-loader": ["@smithy/shared-ini-file-loader@4.4.3", "", { "dependencies": { "@smithy/types": "^4.12.0", "tslib": "^2.6.2" } }, "sha512-DfQjxXQnzC5UbCUPeC3Ie8u+rIWZTvuDPAGU/BxzrOGhRvgUanaP68kDZA+jaT3ZI+djOf+4dERGlm9mWfFDrg=="],

    "@smithy/signature-v4": ["@smithy/signature-v4@5.3.8", "", { "dependencies": { "@smithy/is-array-buffer": "^4.2.0", "@smithy/protocol-http": "^5.3.8", "@smithy/types": "^4.12.0", "@smithy/util-hex-encoding": "^4.2.0", "@smithy/util-middleware": "^4.2.8", "@smithy/util-uri-escape": "^4.2.0", "@smithy/util-utf8": "^4.2.0", "tslib": "^2.6.2" } }, "sha512-6A4vdGj7qKNRF16UIcO8HhHjKW27thsxYci+5r/uVRkdcBEkOEiY8OMPuydLX4QHSrJqGHPJzPRwwVTqbLZJhg=="],

    "@smithy/smithy-client": ["@smithy/smithy-client@4.10.9", "", { "dependencies": { "@smithy/core": "^3.20.7", "@smithy/middleware-endpoint": "^4.4.8", "@smithy/middleware-stack": "^4.2.8", "@smithy/protocol-http": "^5.3.8", "@smithy/types": "^4.12.0", "@smithy/util-stream": "^4.5.10", "tslib": "^2.6.2" } }, "sha512-Je0EvGXVJ0Vrrr2lsubq43JGRIluJ/hX17aN/W/A0WfE+JpoMdI8kwk2t9F0zTX9232sJDGcoH4zZre6m6f/sg=="],

    "@smithy/types": ["@smithy/types@4.12.0", "", { "dependencies": { "tslib": "^2.6.2" } }, "sha512-9YcuJVTOBDjg9LWo23Qp0lTQ3D7fQsQtwle0jVfpbUHy9qBwCEgKuVH4FqFB3VYu0nwdHKiEMA+oXz7oV8X1kw=="],

    "@smithy/url-parser": ["@smithy/url-parser@4.2.8", "", { "dependencies": { "@smithy/querystring-parser": "^4.2.8", "@smithy/types": "^4.12.0", "tslib": "^2.6.2" } }, "sha512-NQho9U68TGMEU639YkXnVMV3GEFFULmmaWdlu1E9qzyIePOHsoSnagTGSDv1Zi8DCNN6btxOSdgmy5E/hsZwhA=="],

    "@smithy/util-base64": ["@smithy/util-base64@4.3.0", "", { "dependencies": { "@smithy/util-buffer-from": "^4.2.0", "@smithy/util-utf8": "^4.2.0", "tslib": "^2.6.2" } }, "sha512-GkXZ59JfyxsIwNTWFnjmFEI8kZpRNIBfxKjv09+nkAWPt/4aGaEWMM04m4sxgNVWkbt2MdSvE3KF/PfX4nFedQ=="],

    "@smithy/util-body-length-browser": ["@smithy/util-body-length-browser@4.2.0", "", { "dependencies": { "tslib": "^2.6.2" } }, "sha512-Fkoh/I76szMKJnBXWPdFkQJl2r9SjPt3cMzLdOB6eJ4Pnpas8hVoWPYemX/peO0yrrvldgCUVJqOAjUrOLjbxg=="],

    "@smithy/util-body-length-node": ["@smithy/util-body-length-node@4.2.1", "", { "dependencies": { "tslib": "^2.6.2" } }, "sha512-h53dz/pISVrVrfxV1iqXlx5pRg3V2YWFcSQyPyXZRrZoZj4R4DeWRDo1a7dd3CPTcFi3kE+98tuNyD2axyZReA=="],

    "@smithy/util-buffer-from": ["@smithy/util-buffer-from@4.2.0", "", { "dependencies": { "@smithy/is-array-buffer": "^4.2.0", "tslib": "^2.6.2" } }, "sha512-kAY9hTKulTNevM2nlRtxAG2FQ3B2OR6QIrPY3zE5LqJy1oxzmgBGsHLWTcNhWXKchgA0WHW+mZkQrng/pgcCew=="],

    "@smithy/util-config-provider": ["@smithy/util-config-provider@4.2.0", "", { "dependencies": { "tslib": "^2.6.2" } }, "sha512-YEjpl6XJ36FTKmD+kRJJWYvrHeUvm5ykaUS5xK+6oXffQPHeEM4/nXlZPe+Wu0lsgRUcNZiliYNh/y7q9c2y6Q=="],

    "@smithy/util-defaults-mode-browser": ["@smithy/util-defaults-mode-browser@4.3.23", "", { "dependencies": { "@smithy/property-provider": "^4.2.8", "@smithy/smithy-client": "^4.10.9", "@smithy/types": "^4.12.0", "tslib": "^2.6.2" } }, "sha512-mMg+r/qDfjfF/0psMbV4zd7F/i+rpyp7Hjh0Wry7eY15UnzTEId+xmQTGDU8IdZtDfbGQxuWNfgBZKBj+WuYbA=="],

    "@smithy/util-defaults-mode-node": ["@smithy/util-defaults-mode-node@4.2.26", "", { "dependencies": { "@smithy/config-resolver": "^4.4.6", "@smithy/credential-provider-imds": "^4.2.8", "@smithy/node-config-provider": "^4.3.8", "@smithy/property-provider": "^4.2.8", "@smithy/smithy-client": "^4.10.9", "@smithy/types": "^4.12.0", "tslib": "^2.6.2" } }, "sha512-EQqe/WkbCinah0h1lMWh9ICl0Ob4lyl20/10WTB35SC9vDQfD8zWsOT+x2FIOXKAoZQ8z/y0EFMoodbcqWJY/w=="],

    "@smithy/util-endpoints": ["@smithy/util-endpoints@3.2.8", "", { "dependencies": { "@smithy/node-config-provider": "^4.3.8", "@smithy/types": "^4.12.0", "tslib": "^2.6.2" } }, "sha512-8JaVTn3pBDkhZgHQ8R0epwWt+BqPSLCjdjXXusK1onwJlRuN69fbvSK66aIKKO7SwVFM6x2J2ox5X8pOaWcUEw=="],

    "@smithy/util-hex-encoding": ["@smithy/util-hex-encoding@4.2.0", "", { "dependencies": { "tslib": "^2.6.2" } }, "sha512-CCQBwJIvXMLKxVbO88IukazJD9a4kQ9ZN7/UMGBjBcJYvatpWk+9g870El4cB8/EJxfe+k+y0GmR9CAzkF+Nbw=="],

    "@smithy/util-middleware": ["@smithy/util-middleware@4.2.8", "", { "dependencies": { "@smithy/types": "^4.12.0", "tslib": "^2.6.2" } }, "sha512-PMqfeJxLcNPMDgvPbbLl/2Vpin+luxqTGPpW3NAQVLbRrFRzTa4rNAASYeIGjRV9Ytuhzny39SpyU04EQreF+A=="],

    "@smithy/util-retry": ["@smithy/util-retry@4.2.8", "", { "dependencies": { "@smithy/service-error-classification": "^4.2.8", "@smithy/types": "^4.12.0", "tslib": "^2.6.2" } }, "sha512-CfJqwvoRY0kTGe5AkQokpURNCT1u/MkRzMTASWMPPo2hNSnKtF1D45dQl3DE2LKLr4m+PW9mCeBMJr5mCAVThg=="],

    "@smithy/util-stream": ["@smithy/util-stream@4.5.10", "", { "dependencies": { "@smithy/fetch-http-handler": "^5.3.9", "@smithy/node-http-handler": "^4.4.8", "@smithy/types": "^4.12.0", "@smithy/util-base64": "^4.3.0", "@smithy/util-buffer-from": "^4.2.0", "@smithy/util-hex-encoding": "^4.2.0", "@smithy/util-utf8": "^4.2.0", "tslib": "^2.6.2" } }, "sha512-jbqemy51UFSZSp2y0ZmRfckmrzuKww95zT9BYMmuJ8v3altGcqjwoV1tzpOwuHaKrwQrCjIzOib499ymr2f98g=="],

    "@smithy/util-uri-escape": ["@smithy/util-uri-escape@4.2.0", "", { "dependencies": { "tslib": "^2.6.2" } }, "sha512-igZpCKV9+E/Mzrpq6YacdTQ0qTiLm85gD6N/IrmyDvQFA4UnU3d5g3m8tMT/6zG/vVkWSU+VxeUyGonL62DuxA=="],

    "@smithy/util-utf8": ["@smithy/util-utf8@4.2.0", "", { "dependencies": { "@smithy/util-buffer-from": "^4.2.0", "tslib": "^2.6.2" } }, "sha512-zBPfuzoI8xyBtR2P6WQj63Rz8i3AmfAaJLuNG8dWsfvPe8lO4aCPYLn879mEgHndZH1zQ2oXmG8O1GGzzaoZiw=="],

    "@smithy/uuid": ["@smithy/uuid@1.1.0", "", { "dependencies": { "tslib": "^2.6.2" } }, "sha512-4aUIteuyxtBUhVdiQqcDhKFitwfd9hqoSDYY2KRXiWtgoWJ9Bmise+KfEPDiVHWeJepvF8xJO9/9+WDIciMFFw=="],

    "@supabase/auth-js": ["@supabase/auth-js@2.90.1", "", { "dependencies": { "tslib": "2.8.1" } }, "sha512-vxb66dgo6h3yyPbR06735Ps+dK3hj0JwS8w9fdQPVZQmocSTlKUW5MfxSy99mN0XqCCuLMQ3jCEiIIUU23e9ng=="],

    "@supabase/functions-js": ["@supabase/functions-js@2.90.1", "", { "dependencies": { "tslib": "2.8.1" } }, "sha512-x9mV9dF1Lam9qL3zlpP6mSM5C9iqMPtF5B/tU1Jj/F0ufX5mjDf9ghVBaErVxmrQJRL4+iMKWKY2GnODkpS8tw=="],

    "@supabase/postgrest-js": ["@supabase/postgrest-js@2.90.1", "", { "dependencies": { "tslib": "2.8.1" } }, "sha512-jh6vqzaYzoFn3raaC0hcFt9h+Bt+uxNRBSdc7PfToQeRGk7PDPoweHsbdiPWREtDVTGKfu+PyPW9e2jbK+BCgQ=="],

    "@supabase/realtime-js": ["@supabase/realtime-js@2.90.1", "", { "dependencies": { "@types/phoenix": "^1.6.6", "@types/ws": "^8.18.1", "tslib": "2.8.1", "ws": "^8.18.2" } }, "sha512-PWbnEMkcQRuor8jhObp4+Snufkq8C6fBp+MchVp2qBPY1NXk/c3Iv3YyiFYVzo0Dzuw4nAlT4+ahuPggy4r32w=="],

    "@supabase/storage-js": ["@supabase/storage-js@2.90.1", "", { "dependencies": { "iceberg-js": "^0.8.1", "tslib": "2.8.1" } }, "sha512-GHY+Ps/K/RBfRj7kwx+iVf2HIdqOS43rM2iDOIDpapyUnGA9CCBFzFV/XvfzznGykd//z2dkGZhlZZprsVFqGg=="],

    "@supabase/supabase-js": ["@supabase/supabase-js@2.90.1", "", { "dependencies": { "@supabase/auth-js": "2.90.1", "@supabase/functions-js": "2.90.1", "@supabase/postgrest-js": "2.90.1", "@supabase/realtime-js": "2.90.1", "@supabase/storage-js": "2.90.1" } }, "sha512-U8KaKGLUgTIFHtwEW1dgw1gK7XrdpvvYo7nzzqPx721GqPe8WZbAiLh/hmyKLGBYQ/mmQNr20vU9tWSDZpii3w=="],

    "@types/bun": ["@types/bun@1.3.5", "", { "dependencies": { "bun-types": "1.3.5" } }, "sha512-RnygCqNrd3srIPEWBd5LFeUYG7plCoH2Yw9WaZGyNmdTEei+gWaHqydbaIRkIkcbXwhBT94q78QljxN0Sk838w=="],

    "@types/node": ["@types/node@25.0.3", "", { "dependencies": { "undici-types": "~7.16.0" } }, "sha512-W609buLVRVmeW693xKfzHeIV6nJGGz98uCPfeXI1ELMLXVeKYZ9m15fAMSaUPBHYLGFsVRcMmSCksQOrZV9BYA=="],

    "@types/nodemailer": ["@types/nodemailer@7.0.5", "", { "dependencies": { "@aws-sdk/client-sesv2": "^3.839.0", "@types/node": "*" } }, "sha512-7WtR4MFJUNN2UFy0NIowBRJswj5KXjXDhlZY43Hmots5eGu5q/dTeFd/I6GgJA/qj3RqO6dDy4SvfcV3fOVeIA=="],

    "@types/phoenix": ["@types/phoenix@1.6.7", "", {}, "sha512-oN9ive//QSBkf19rfDv45M7eZPi0eEXylht2OLEXicu5b4KoQ1OzXIw+xDSGWxSxe1JmepRR/ZH283vsu518/Q=="],

    "@types/web-bluetooth": ["@types/web-bluetooth@0.0.20", "", {}, "sha512-g9gZnnXVq7gM7v3tJCWV/qw7w+KeOlSHAhgF9RytFyifW6AF61hdT2ucrYhPq9hLs5JIryeupHV3qGk95dH9ow=="],

    "@types/ws": ["@types/ws@8.18.1", "", { "dependencies": { "@types/node": "*" } }, "sha512-ThVF6DCVhA8kUGy+aazFQ4kXQ7E1Ty7A3ypFOe0IcJV8O/M511G99AW24irKrW56Wt44yG9+ij8FaqoBGkuBXg=="],

    "@vue/compiler-core": ["@vue/compiler-core@3.5.26", "", { "dependencies": { "@babel/parser": "^7.28.5", "@vue/shared": "3.5.26", "entities": "^7.0.0", "estree-walker": "^2.0.2", "source-map-js": "^1.2.1" } }, "sha512-vXyI5GMfuoBCnv5ucIT7jhHKl55Y477yxP6fc4eUswjP8FG3FFVFd41eNDArR+Uk3QKn2Z85NavjaxLxOC19/w=="],

    "@vue/compiler-dom": ["@vue/compiler-dom@3.5.26", "", { "dependencies": { "@vue/compiler-core": "3.5.26", "@vue/shared": "3.5.26" } }, "sha512-y1Tcd3eXs834QjswshSilCBnKGeQjQXB6PqFn/1nxcQw4pmG42G8lwz+FZPAZAby6gZeHSt/8LMPfZ4Rb+Bd/A=="],

    "@vue/compiler-sfc": ["@vue/compiler-sfc@3.5.26", "", { "dependencies": { "@babel/parser": "^7.28.5", "@vue/compiler-core": "3.5.26", "@vue/compiler-dom": "3.5.26", "@vue/compiler-ssr": "3.5.26", "@vue/shared": "3.5.26", "estree-walker": "^2.0.2", "magic-string": "^0.30.21", "postcss": "^8.5.6", "source-map-js": "^1.2.1" } }, "sha512-egp69qDTSEZcf4bGOSsprUr4xI73wfrY5oRs6GSgXFTiHrWj4Y3X5Ydtip9QMqiCMCPVwLglB9GBxXtTadJ3mA=="],

    "@vue/compiler-ssr": ["@vue/compiler-ssr@3.5.26", "", { "dependencies": { "@vue/compiler-dom": "3.5.26", "@vue/shared": "3.5.26" } }, "sha512-lZT9/Y0nSIRUPVvapFJEVDbEXruZh2IYHMk2zTtEgJSlP5gVOqeWXH54xDKAaFS4rTnDeDBQUYDtxKyoW9FwDw=="],

    "@vue/reactivity": ["@vue/reactivity@3.5.26", "", { "dependencies": { "@vue/shared": "3.5.26" } }, "sha512-9EnYB1/DIiUYYnzlnUBgwU32NNvLp/nhxLXeWRhHUEeWNTn1ECxX8aGO7RTXeX6PPcxe3LLuNBFoJbV4QZ+CFQ=="],

    "@vue/runtime-core": ["@vue/runtime-core@3.5.26", "", { "dependencies": { "@vue/reactivity": "3.5.26", "@vue/shared": "3.5.26" } }, "sha512-xJWM9KH1kd201w5DvMDOwDHYhrdPTrAatn56oB/LRG4plEQeZRQLw0Bpwih9KYoqmzaxF0OKSn6swzYi84e1/Q=="],

    "@vue/runtime-dom": ["@vue/runtime-dom@3.5.26", "", { "dependencies": { "@vue/reactivity": "3.5.26", "@vue/runtime-core": "3.5.26", "@vue/shared": "3.5.26", "csstype": "^3.2.3" } }, "sha512-XLLd/+4sPC2ZkN/6+V4O4gjJu6kSDbHAChvsyWgm1oGbdSO3efvGYnm25yCjtFm/K7rrSDvSfPDgN1pHgS4VNQ=="],

    "@vue/server-renderer": ["@vue/server-renderer@3.5.26", "", { "dependencies": { "@vue/compiler-ssr": "3.5.26", "@vue/shared": "3.5.26" }, "peerDependencies": { "vue": "3.5.26" } }, "sha512-TYKLXmrwWKSodyVuO1WAubucd+1XlLg4set0YoV+Hu8Lo79mp/YMwWV5mC5FgtsDxX3qo1ONrxFaTP1OQgy1uA=="],

    "@vue/shared": ["@vue/shared@3.5.26", "", {}, "sha512-7Z6/y3uFI5PRoKeorTOSXKcDj0MSasfNNltcslbFrPpcw6aXRUALq4IfJlaTRspiWIUOEZbrpM+iQGmCOiWe4A=="],

    "@vueuse/core": ["@vueuse/core@10.11.1", "", { "dependencies": { "@types/web-bluetooth": "^0.0.20", "@vueuse/metadata": "10.11.1", "@vueuse/shared": "10.11.1", "vue-demi": ">=0.14.8" } }, "sha512-guoy26JQktXPcz+0n3GukWIy/JDNKti9v6VEMu6kV2sYBsWuGiTU8OWdg+ADfUbHg3/3DlqySDe7JmdHrktiww=="],

    "@vueuse/metadata": ["@vueuse/metadata@10.11.1", "", {}, "sha512-IGa5FXd003Ug1qAZmyE8wF3sJ81xGLSqTqtQ6jaVfkeZ4i5kS2mwQF61yhVqojRnenVew5PldLyRgvdl4YYuSw=="],

    "@vueuse/shared": ["@vueuse/shared@10.11.1", "", { "dependencies": { "vue-demi": ">=0.14.8" } }, "sha512-LHpC8711VFZlDaYUXEBbFBCQ7GS3dVU9mjOhhMhXP6txTV4EhYQg/KGnQuvt/sPAtoUKq7VVUnL6mVtFoL42sA=="],

    "argparse": ["argparse@2.0.1", "", {}, "sha512-8+9WqebbFzpX9OR+Wa6O29asIogeRMzcGtAINdpMHHyAg10f05aSFVBbcEqGf/PXw1EjAZ+q2/bEBg3DvurK3Q=="],

    "bowser": ["bowser@2.13.1", "", {}, "sha512-OHawaAbjwx6rqICCKgSG0SAnT05bzd7ppyKLVUITZpANBaaMFBAsaNkto3LoQ31tyFP5kNujE8Cdx85G9VzOkw=="],

    "bun-types": ["bun-types@1.3.5", "", { "dependencies": { "@types/node": "*" } }, "sha512-inmAYe2PFLs0SUbFOWSVD24sg1jFlMPxOjOSSCYqUgn4Hsc3rDc7dFvfVYjFPNHtov6kgUeulV4SxbuIV/stPw=="],

    "csstype": ["csstype@3.2.3", "", {}, "sha512-z1HGKcYy2xA8AGQfwrn0PAy+PB7X/GSj3UVJW9qKyn43xWa+gl5nXmU4qqLMRzWVLFC8KusUX8T/0kCiOYpAIQ=="],

    "entities": ["entities@4.5.0", "", {}, "sha512-V0hjH4dGPh9Ao5p0MoRY6BVqtwCjhz6vI5LT8AJ55H+4g9/4vbHx1I54fS0XuclLhDHArPQCiMjDxjaL8fPxhw=="],

    "estree-walker": ["estree-walker@2.0.2", "", {}, "sha512-Rfkk/Mp/DL7JVje3u18FxFujQlTNR2q6QfMSMB7AvCBx91NGj/ba3kCfza0f6dVDbw7YlRf/nDrn7pQrCCyQ/w=="],

    "fast-xml-parser": ["fast-xml-parser@5.2.5", "", { "dependencies": { "strnum": "^2.1.0" }, "bin": { "fxparser": "src/cli/cli.js" } }, "sha512-pfX9uG9Ki0yekDHx2SiuRIyFdyAr1kMIMitPvb0YBo8SUfKvia7w7FIyd/l6av85pFYRhZscS75MwMnbvY+hcQ=="],

    "framer-motion": ["framer-motion@12.26.2", "", { "dependencies": { "motion-dom": "^12.26.2", "motion-utils": "^12.24.10", "tslib": "^2.4.0" }, "peerDependencies": { "@emotion/is-prop-valid": "*", "react": "^18.0.0 || ^19.0.0", "react-dom": "^18.0.0 || ^19.0.0" }, "optionalPeers": ["@emotion/is-prop-valid", "react", "react-dom"] }, "sha512-lflOQEdjquUi9sCg5Y1LrsZDlsjrHw7m0T9Yedvnk7Bnhqfkc89/Uha10J3CFhkL+TCZVCRw9eUGyM/lyYhXQA=="],

    "highlight.js": ["highlight.js@11.8.0", "", {}, "sha512-MedQhoqVdr0U6SSnWPzfiadUcDHfN/Wzq25AkXiQv9oiOO/sG0S7XkvpFIqWBl9Yq1UYyYOOVORs5UW2XlPyzg=="],

    "hono": ["hono@4.11.3", "", {}, "sha512-PmQi306+M/ct/m5s66Hrg+adPnkD5jiO6IjA7WhWw0gSBSo1EcRegwuI1deZ+wd5pzCGynCcn2DprnE4/yEV4w=="],

    "iceberg-js": ["iceberg-js@0.8.1", "", {}, "sha512-1dhVQZXhcHje7798IVM+xoo/1ZdVfzOMIc8/rgVSijRK38EDqOJoGula9N/8ZI5RD8QTxNQtK/Gozpr+qUqRRA=="],

    "linkify-it": ["linkify-it@5.0.0", "", { "dependencies": { "uc.micro": "^2.0.0" } }, "sha512-5aHCbzQRADcdP+ATqnDuhhJ/MRIqDkZX5pyjFHRRysS8vZ5AbqGEoFIb6pYHPZ+L/OC2Lc+xT8uHVVR5CAK/wQ=="],

    "magic-string": ["magic-string@0.30.21", "", { "dependencies": { "@jridgewell/sourcemap-codec": "^1.5.5" } }, "sha512-vd2F4YUyEXKGcLHoq+TEyCjxueSeHnFxyyjNp80yg0XV4vUhnDer/lvvlqM/arB5bXQN5K2/3oinyCRyx8T2CQ=="],

    "markdown-it": ["markdown-it@14.1.0", "", { "dependencies": { "argparse": "^2.0.1", "entities": "^4.4.0", "linkify-it": "^5.0.0", "mdurl": "^2.0.0", "punycode.js": "^2.3.1", "uc.micro": "^2.1.0" }, "bin": { "markdown-it": "bin/markdown-it.mjs" } }, "sha512-a54IwgWPaeBCAAsv13YgmALOF1elABB08FxO9i+r4VFk5Vl4pKokRPeX8u5TCgSsPi6ec1otfLjdOpVcgbpshg=="],

    "markdown-it-link-attributes": ["markdown-it-link-attributes@4.0.1", "", {}, "sha512-pg5OK0jPLg62H4k7M9mRJLT61gUp9nvG0XveKYHMOOluASo9OEF13WlXrpAp2aj35LbedAy3QOCgQCw0tkLKAQ=="],

    "mdurl": ["mdurl@2.0.0", "", {}, "sha512-Lf+9+2r+Tdp5wXDXC4PcIBjTDtq4UKjCPMQhKIuzpJNW0b96kVqSwW0bT7FhRSfmAiFYgP+SCRvdrDozfh0U5w=="],

    "motion-dom": ["motion-dom@12.26.2", "", { "dependencies": { "motion-utils": "^12.24.10" } }, "sha512-KLMT1BroY8oKNeliA3JMNJ+nbCIsTKg6hJpDb4jtRAJ7nCKnnpg/LTq/NGqG90Limitz3kdAnAVXecdFVGlWTw=="],

    "motion-utils": ["motion-utils@12.24.10", "", {}, "sha512-x5TFgkCIP4pPsRLpKoI86jv/q8t8FQOiM/0E8QKBzfMozWHfkKap2gA1hOki+B5g3IsBNpxbUnfOum1+dgvYww=="],

    "nanoid": ["nanoid@3.3.11", "", { "bin": { "nanoid": "bin/nanoid.cjs" } }, "sha512-N8SpfPUnUp1bK+PMYW8qSWdl9U+wwNWI4QKxOYDy9JAro3WMX7p2OeVRF9v+347pnakNevPmiHhNmZ2HbFA76w=="],

    "nodemailer": ["nodemailer@7.0.12", "", {}, "sha512-H+rnK5bX2Pi/6ms3sN4/jRQvYSMltV6vqup/0SFOrxYYY/qoNvhXPlYq3e+Pm9RFJRwrMGbMIwi81M4dxpomhA=="],

    "picocolors": ["picocolors@1.1.1", "", {}, "sha512-xceH2snhtb5M9liqDsmEw56le376mTZkEX/jEb/RxNFyegNul7eNslCXP9FDj/Lcu0X8KEyMceP2ntpaHrDEVA=="],

    "postcss": ["postcss@8.5.6", "", { "dependencies": { "nanoid": "^3.3.11", "picocolors": "^1.1.1", "source-map-js": "^1.2.1" } }, "sha512-3Ybi1tAuwAP9s0r1UQ2J4n5Y0G05bJkpUIO0/bI9MhwmD70S5aTWbXGBwxHrelT+XM1k6dM0pk+SwNkpTRN7Pg=="],

    "punycode.js": ["punycode.js@2.3.1", "", {}, "sha512-uxFIHU0YlHYhDQtV4R9J6a52SLx28BCjT+4ieh7IGbgwVJWO+km431c4yRlREUAsAmt/uMjQUyQHNEPf0M39CA=="],

    "source-map-js": ["source-map-js@1.2.1", "", {}, "sha512-UXWMKhLOwVKb728IUtQPXxfYU+usdybtUrK/8uGE8CQMvrhOpwvzDBwj0QhSL7MQc7vIsISBG8VQ8+IDQxpfQA=="],

    "strnum": ["strnum@2.1.2", "", {}, "sha512-l63NF9y/cLROq/yqKXSLtcMeeyOfnSQlfMSlzFt/K73oIaD8DGaQWd7Z34X9GPiKqP5rbSh84Hl4bOlLcjiSrQ=="],

    "tslib": ["tslib@2.8.1", "", {}, "sha512-oJFu94HQb+KVduSUQL7wnpmqnfmLsOA/nAh6b6EH0wCEoK0/mPeXU6c3wKDV83MkOuHPRHtSXKKU99IBazS/2w=="],

    "typescript": ["typescript@5.9.3", "", { "bin": { "tsc": "bin/tsc", "tsserver": "bin/tsserver" } }, "sha512-jl1vZzPDinLr9eUt3J/t7V6FgNEw9QjvBPdysz9KfQDD41fQrC2Y4vKQdiaUpFT4bXlb1RHhLpp8wtm6M5TgSw=="],

    "uc.micro": ["uc.micro@2.1.0", "", {}, "sha512-ARDJmphmdvUk6Glw7y9DQ2bFkKBHwQHLi2lsaH6PPmz/Ka9sFOBsBluozhDltWmnv9u/cF6Rt87znRTPV+yp/A=="],

    "undici-types": ["undici-types@7.16.0", "", {}, "sha512-Zz+aZWSj8LE6zoxD+xrjh4VfkIG8Ya6LvYkZqtUQGJPZjYl53ypCaUwWqo7eI0x66KBGeRo+mlBEkMSeSZ38Nw=="],

    "uuid": ["uuid@10.0.0", "", { "bin": { "uuid": "dist/bin/uuid" } }, "sha512-8XkAphELsDnEGrDxUOHB3RGvXz6TeuYSGEZBOjtTtPm2lwhGBjLgOzLHB63IUWfBpNucQjND6d3AOudO+H3RWQ=="],

    "vue": ["vue@3.5.26", "", { "dependencies": { "@vue/compiler-dom": "3.5.26", "@vue/compiler-sfc": "3.5.26", "@vue/runtime-dom": "3.5.26", "@vue/server-renderer": "3.5.26", "@vue/shared": "3.5.26" }, "peerDependencies": { "typescript": "*" }, "optionalPeers": ["typescript"] }, "sha512-SJ/NTccVyAoNUJmkM9KUqPcYlY+u8OVL1X5EW9RIs3ch5H2uERxyyIUI4MRxVCSOiEcupX9xNGde1tL9ZKpimA=="],

    "vue-demi": ["vue-demi@0.14.10", "", { "peerDependencies": { "@vue/composition-api": "^1.0.0-rc.1", "vue": "^3.0.0-0 || ^2.6.0" }, "optionalPeers": ["@vue/composition-api"], "bin": { "vue-demi-fix": "bin/vue-demi-fix.js", "vue-demi-switch": "bin/vue-demi-switch.js" } }, "sha512-nMZBOwuzabUO0nLgIcc6rycZEebF6eeUfaiQx9+WSk8e29IbLvPU9feI6tqW4kTo3hvoYAJkMh8n8D0fuISphg=="],

    "vue-markdown-render": ["vue-markdown-render@2.3.0", "", { "dependencies": { "markdown-it": "^14.1.0" }, "peerDependencies": { "vue": "^3.3.4" } }, "sha512-ZWVVKba8t0tKBlaUGaWmNynIk38gE7Bt3psC/iN2NsqpdGY15VGfBeBvF0A8cEmwHnjNVJo2IzUUqkhhfldhtg=="],

    "ws": ["ws@8.19.0", "", { "peerDependencies": { "bufferutil": "^4.0.1", "utf-8-validate": ">=5.0.2" }, "optionalPeers": ["bufferutil", "utf-8-validate"] }, "sha512-blAT2mjOEIi0ZzruJfIhb3nps74PRWTCz1IjglWEEpQl5XS/UNama6u2/rjFkDDouqr4L67ry+1aGIALViWjDg=="],

    "@aws-crypto/sha256-browser/@smithy/util-utf8": ["@smithy/util-utf8@2.3.0", "", { "dependencies": { "@smithy/util-buffer-from": "^2.2.0", "tslib": "^2.6.2" } }, "sha512-R8Rdn8Hy72KKcebgLiv8jQcQkXoLMOGGv5uI1/k0l+snqkOzQ1R0ChUBCxWMlBsFMekWjq0wRudIweFs7sKT5A=="],

    "@aws-crypto/util/@smithy/util-utf8": ["@smithy/util-utf8@2.3.0", "", { "dependencies": { "@smithy/util-buffer-from": "^2.2.0", "tslib": "^2.6.2" } }, "sha512-R8Rdn8Hy72KKcebgLiv8jQcQkXoLMOGGv5uI1/k0l+snqkOzQ1R0ChUBCxWMlBsFMekWjq0wRudIweFs7sKT5A=="],

    "@vue/compiler-core/entities": ["entities@7.0.0", "", {}, "sha512-FDWG5cmEYf2Z00IkYRhbFrwIwvdFKH07uV8dvNy0omp/Qb1xcyCWp2UDtcwJF4QZZvk0sLudP6/hAu42TaqVhQ=="],

    "@aws-crypto/sha256-browser/@smithy/util-utf8/@smithy/util-buffer-from": ["@smithy/util-buffer-from@2.2.0", "", { "dependencies": { "@smithy/is-array-buffer": "^2.2.0", "tslib": "^2.6.2" } }, "sha512-IJdWBbTcMQ6DA0gdNhh/BwrLkDR+ADW5Kr1aZmd4k3DIF6ezMV4R2NIAmT08wQJ3yUK82thHWmC/TnK/wpMMIA=="],

    "@aws-crypto/util/@smithy/util-utf8/@smithy/util-buffer-from": ["@smithy/util-buffer-from@2.2.0", "", { "dependencies": { "@smithy/is-array-buffer": "^2.2.0", "tslib": "^2.6.2" } }, "sha512-IJdWBbTcMQ6DA0gdNhh/BwrLkDR+ADW5Kr1aZmd4k3DIF6ezMV4R2NIAmT08wQJ3yUK82thHWmC/TnK/wpMMIA=="],

    "@aws-crypto/sha256-browser/@smithy/util-utf8/@smithy/util-buffer-from/@smithy/is-array-buffer": ["@smithy/is-array-buffer@2.2.0", "", { "dependencies": { "tslib": "^2.6.2" } }, "sha512-GGP3O9QFD24uGeAXYUjwSTXARoqpZykHadOmA8G5vfJPK0/DC67qa//0qvqrJzL1xc8WQWX7/yc7fwudjPHPhA=="],

    "@aws-crypto/util/@smithy/util-utf8/@smithy/util-buffer-from/@smithy/is-array-buffer": ["@smithy/is-array-buffer@2.2.0", "", { "dependencies": { "tslib": "^2.6.2" } }, "sha512-GGP3O9QFD24uGeAXYUjwSTXARoqpZykHadOmA8G5vfJPK0/DC67qa//0qvqrJzL1xc8WQWX7/yc7fwudjPHPhA=="],
  }
}
